
Microsoft Visual Studio Solution File, Format Version 12.00
# Visual Studio Version 16
VisualStudioVersion = 16.0.31313.79
MinimumVisualStudioVersion = 10.0.40219.1
Project("{FAE04EC0-301F-11D3-BF4B-00C04F79EFBC}") = "SalesWebMvc_1.0", "SalesWebMvc_1.0\SalesWebMvc_1.0.csproj", "{8E6ED3C8-2F50-4D39-B000-A8BB801A1DBE}"
EndProject
Global
	GlobalSection(SolutionConfigurationPlatforms) = preSolution
		Debug|Any CPU = Debug|Any CPU
		Release|Any CPU = Release|Any CPU
	EndGlobalSection
	GlobalSection(ProjectConfigurationPlatforms) = postSolution
		{8E6ED3C8-2F50-4D39-B000-A8BB801A1DBE}.Debug|Any CPU.ActiveCfg = Debug|Any CPU
		{8E6ED3C8-2F50-4D39-B000-A8BB801A1DBE}.Debug|Any CPU.Build.0 = Debug|Any CPU
		{8E6ED3C8-2F50-4D39-B000-A8BB801A1DBE}.Release|Any CPU.ActiveCfg = Release|Any CPU
		{8E6ED3C8-2F50-4D39-B000-A8BB801A1DBE}.Release|Any CPU.Build.0 = Release|Any CPU
	EndGlobalSection
	GlobalSection(SolutionProperties) = preSolution
		HideSolutionNode = FALSE
	EndGlobalSection
	GlobalSection(ExtensibilityGlobals) = postSolution
		SolutionGuid = {258DCDD1-8E8C-45F3-AE86-C8B9EF7C864D}
	EndGlobalSection
EndGlobal
